
Microsoft Visual Studio Solution File, Format Version 12.00
# Visual Studio Version 17
VisualStudioVersion = 17.4.33103.184
MinimumVisualStudioVersion = 10.0.40219.1
Project("{FAE04EC0-301F-11D3-BF4B-00C04F79EFBC}") = "LanchesMac", "LanchesMac\LanchesMac.csproj", "{5E4179B9-6AC4-40BB-8DA8-BFA5E84275BB}"
EndProject
Global
	GlobalSection(SolutionConfigurationPlatforms) = preSolution
		Debug|Any CPU = Debug|Any CPU
		Release|Any CPU = Release|Any CPU
	EndGlobalSection
	GlobalSection(ProjectConfigurationPlatforms) = postSolution
		{5E4179B9-6AC4-40BB-8DA8-BFA5E84275BB}.Debug|Any CPU.ActiveCfg = Debug|Any CPU
		{5E4179B9-6AC4-40BB-8DA8-BFA5E84275BB}.Debug|Any CPU.Build.0 = Debug|Any CPU
		{5E4179B9-6AC4-40BB-8DA8-BFA5E84275BB}.Release|Any CPU.ActiveCfg = Release|Any CPU
		{5E4179B9-6AC4-40BB-8DA8-BFA5E84275BB}.Release|Any CPU.Build.0 = Release|Any CPU
	EndGlobalSection
	GlobalSection(SolutionProperties) = preSolution
		HideSolutionNode = FALSE
	EndGlobalSection
	GlobalSection(ExtensibilityGlobals) = postSolution
		SolutionGuid = {79C2A09A-845B-4F90-8057-F3BBB4027C06}
	EndGlobalSection
EndGlobal
